
Microsoft Visual Studio Solution File, Format Version 12.00
# Visual Studio Version 17
VisualStudioVersion = 17.10.35013.160
MinimumVisualStudioVersion = 10.0.40219.1
Project("{FAE04EC0-301F-11D3-BF4B-00C04F79EFBC}") = "FundamentosAspNetProject", "FundamentosAspNetProject.csproj", "{EDE47176-F226-4E07-93F4-3355CD7C76D4}"
EndProject
Global
	GlobalSection(SolutionConfigurationPlatforms) = preSolution
		Debug|Any CPU = Debug|Any CPU
		Release|Any CPU = Release|Any CPU
	EndGlobalSection
	GlobalSection(ProjectConfigurationPlatforms) = postSolution
		{EDE47176-F226-4E07-93F4-3355CD7C76D4}.Debug|Any CPU.ActiveCfg = Debug|Any CPU
		{EDE47176-F226-4E07-93F4-3355CD7C76D4}.Debug|Any CPU.Build.0 = Debug|Any CPU
		{EDE47176-F226-4E07-93F4-3355CD7C76D4}.Release|Any CPU.ActiveCfg = Release|Any CPU
		{EDE47176-F226-4E07-93F4-3355CD7C76D4}.Release|Any CPU.Build.0 = Release|Any CPU
	EndGlobalSection
	GlobalSection(SolutionProperties) = preSolution
		HideSolutionNode = FALSE
	EndGlobalSection
	GlobalSection(ExtensibilityGlobals) = postSolution
		SolutionGuid = {334D0F49-A08B-44A7-8390-AEB150916F97}
	EndGlobalSection
EndGlobal
